// !$*UTF8*$!
{
	archiveVersion = 1;
	classes = {
	};
	objectVersion = 55;
	objects = {

/* Begin PBXBuildFile section */
		ACAF0D4028B253AA007DE548 /* HeaderView.xib in Resources */ = {isa = PBXBuildFile; fileRef = ACAF0D3F28B253AA007DE548 /* HeaderView.xib */; };
		ACAF0D4228B256A8007DE548 /* HeaderView.swift in Sources */ = {isa = PBXBuildFile; fileRef = ACAF0D4128B256A8007DE548 /* HeaderView.swift */; };
		ACAF0D4428B25777007DE548 /* UIView.swift in Sources */ = {isa = PBXBuildFile; fileRef = ACAF0D4328B25777007DE548 /* UIView.swift */; };
		ACAF0D4628B257AB007DE548 /* TableView.swift in Sources */ = {isa = PBXBuildFile; fileRef = ACAF0D4528B257AB007DE548 /* TableView.swift */; };
		ACAF0D4A28B26702007DE548 /* BlurView.swift in Sources */ = {isa = PBXBuildFile; fileRef = ACAF0D4928B26702007DE548 /* BlurView.swift */; };
		ACAF0D4C28B26988007DE548 /* BlurView.xib in Resources */ = {isa = PBXBuildFile; fileRef = ACAF0D4B28B26988007DE548 /* BlurView.xib */; };
		ACE8D7D628B2463800CF5EF0 /* AppDelegate.swift in Sources */ = {isa = PBXBuildFile; fileRef = ACE8D7D528B2463800CF5EF0 /* AppDelegate.swift */; };
		ACE8D7D828B2463800CF5EF0 /* SceneDelegate.swift in Sources */ = {isa = PBXBuildFile; fileRef = ACE8D7D728B2463800CF5EF0 /* SceneDelegate.swift */; };
		ACE8D7DA28B2463800CF5EF0 /* ViewController.swift in Sources */ = {isa = PBXBuildFile; fileRef = ACE8D7D928B2463800CF5EF0 /* ViewController.swift */; };
		ACE8D7DD28B2463800CF5EF0 /* Main.storyboard in Resources */ = {isa = PBXBuildFile; fileRef = ACE8D7DB28B2463800CF5EF0 /* Main.storyboard */; };
		ACE8D7DF28B2463A00CF5EF0 /* Assets.xcassets in Resources */ = {isa = PBXBuildFile; fileRef = ACE8D7DE28B2463A00CF5EF0 /* Assets.xcassets */; };
		ACE8D7E228B2463A00CF5EF0 /* LaunchScreen.storyboard in Resources */ = {isa = PBXBuildFile; fileRef = ACE8D7E028B2463A00CF5EF0 /* LaunchScreen.storyboard */; };
/* End PBXBuildFile section */

/* Begin PBXFileReference section */
		ACAF0D3F28B253AA007DE548 /* HeaderView.xib */ = {isa = PBXFileReference; lastKnownFileType = file.xib; path = HeaderView.xib; sourceTree = "<group>"; };
		ACAF0D4128B256A8007DE548 /* HeaderView.swift */ = {isa = PBXFileReference; lastKnownFileType = sourcecode.swift; path = HeaderView.swift; sourceTree = "<group>"; };
		ACAF0D4328B25777007DE548 /* UIView.swift */ = {isa = PBXFileReference; lastKnownFileType = sourcecode.swift; path = UIView.swift; sourceTree = "<group>"; };
		ACAF0D4528B257AB007DE548 /* TableView.swift */ = {isa = PBXFileReference; lastKnownFileType = sourcecode.swift; path = TableView.swift; sourceTree = "<group>"; };
		ACAF0D4928B26702007DE548 /* BlurView.swift */ = {isa = PBXFileReference; lastKnownFileType = sourcecode.swift; path = BlurView.swift; sourceTree = "<group>"; };
		ACAF0D4B28B26988007DE548 /* BlurView.xib */ = {isa = PBXFileReference; lastKnownFileType = file.xib; path = BlurView.xib; sourceTree = "<group>"; };
		ACE8D7D228B2463800CF5EF0 /* test int.app */ = {isa = PBXFileReference; explicitFileType = wrapper.application; includeInIndex = 0; path = "test int.app"; sourceTree = BUILT_PRODUCTS_DIR; };
		ACE8D7D528B2463800CF5EF0 /* AppDelegate.swift */ = {isa = PBXFileReference; lastKnownFileType = sourcecode.swift; path = AppDelegate.swift; sourceTree = "<group>"; };
		ACE8D7D728B2463800CF5EF0 /* SceneDelegate.swift */ = {isa = PBXFileReference; lastKnownFileType = sourcecode.swift; path = SceneDelegate.swift; sourceTree = "<group>"; };
		ACE8D7D928B2463800CF5EF0 /* ViewController.swift */ = {isa = PBXFileReference; lastKnownFileType = sourcecode.swift; path = ViewController.swift; sourceTree = "<group>"; };
		ACE8D7DC28B2463800CF5EF0 /* Base */ = {isa = PBXFileReference; lastKnownFileType = file.storyboard; name = Base; path = Base.lproj/Main.storyboard; sourceTree = "<group>"; };
		ACE8D7DE28B2463A00CF5EF0 /* Assets.xcassets */ = {isa = PBXFileReference; lastKnownFileType = folder.assetcatalog; path = Assets.xcassets; sourceTree = "<group>"; };
		ACE8D7E128B2463A00CF5EF0 /* Base */ = {isa = PBXFileReference; lastKnownFileType = file.storyboard; name = Base; path = Base.lproj/LaunchScreen.storyboard; sourceTree = "<group>"; };
		ACE8D7E328B2463A00CF5EF0 /* Info.plist */ = {isa = PBXFileReference; lastKnownFileType = text.plist.xml; path = Info.plist; sourceTree = "<group>"; };
/* End PBXFileReference section */

/* Begin PBXFrameworksBuildPhase section */
		ACE8D7CF28B2463800CF5EF0 /* Frameworks */ = {
			isa = PBXFrameworksBuildPhase;
			buildActionMask = 2147483647;
			files = (
			);
			runOnlyForDeploymentPostprocessing = 0;
		};
/* End PBXFrameworksBuildPhase section */

/* Begin PBXGroup section */
		ACAF0D4D28B269F6007DE548 /* Utils */ = {
			isa = PBXGroup;
			children = (
				ACAF0D4328B25777007DE548 /* UIView.swift */,
				ACAF0D4528B257AB007DE548 /* TableView.swift */,
			);
			path = Utils;
			sourceTree = "<group>";
		};
		ACE8D7C928B2463800CF5EF0 = {
			isa = PBXGroup;
			children = (
				ACE8D7D428B2463800CF5EF0 /* test int */,
				ACE8D7D328B2463800CF5EF0 /* Products */,
			);
			sourceTree = "<group>";
		};
		ACE8D7D328B2463800CF5EF0 /* Products */ = {
			isa = PBXGroup;
			children = (
				ACE8D7D228B2463800CF5EF0 /* test int.app */,
			);
			name = Products;
			sourceTree = "<group>";
		};
		ACE8D7D428B2463800CF5EF0 /* test int */ = {
			isa = PBXGroup;
			children = (
				ACE8D7D928B2463800CF5EF0 /* ViewController.swift */,
				ACAF0D3F28B253AA007DE548 /* HeaderView.xib */,
				ACAF0D4128B256A8007DE548 /* HeaderView.swift */,
				ACAF0D4B28B26988007DE548 /* BlurView.xib */,
				ACAF0D4928B26702007DE548 /* BlurView.swift */,
				ACAF0D4D28B269F6007DE548 /* Utils */,
				ACE8D7EB28B2528800CF5EF0 /* Support */,
			);
			path = "test int";
			sourceTree = "<group>";
		};
		ACE8D7EB28B2528800CF5EF0 /* Support */ = {
			isa = PBXGroup;
			children = (
				ACE8D7D528B2463800CF5EF0 /* AppDelegate.swift */,
				ACE8D7D728B2463800CF5EF0 /* SceneDelegate.swift */,
				ACE8D7DB28B2463800CF5EF0 /* Main.storyboard */,
				ACE8D7DE28B2463A00CF5EF0 /* Assets.xcassets */,
				ACE8D7E028B2463A00CF5EF0 /* LaunchScreen.storyboard */,
				ACE8D7E328B2463A00CF5EF0 /* Info.plist */,
			);
			path = Support;
			sourceTree = "<group>";
		};
/* End PBXGroup section */

/* Begin PBXNativeTarget section */
		ACE8D7D128B2463800CF5EF0 /* test int */ = {
			isa = PBXNativeTarget;
			buildConfigurationList = ACE8D7E628B2463A00CF5EF0 /* Build configuration list for PBXNativeTarget "test int" */;
			buildPhases = (
				ACE8D7CE28B2463800CF5EF0 /* Sources */,
				ACE8D7CF28B2463800CF5EF0 /* Frameworks */,
				ACE8D7D028B2463800CF5EF0 /* Resources */,
			);
			buildRules = (
			);
			dependencies = (
			);
			name = "test int";
			productName = "test int";
			productReference = ACE8D7D228B2463800CF5EF0 /* test int.app */;
			productType = "com.apple.product-type.application";
		};
/* End PBXNativeTarget section */

/* Begin PBXProject section */
		ACE8D7CA28B2463800CF5EF0 /* Project object */ = {
			isa = PBXProject;
			attributes = {
				BuildIndependentTargetsInParallel = 1;
				LastSwiftUpdateCheck = 1340;
				LastUpgradeCheck = 1340;
				TargetAttributes = {
					ACE8D7D128B2463800CF5EF0 = {
						CreatedOnToolsVersion = 13.4.1;
					};
				};
			};
			buildConfigurationList = ACE8D7CD28B2463800CF5EF0 /* Build configuration list for PBXProject "test int" */;
			compatibilityVersion = "Xcode 13.0";
			developmentRegion = en;
			hasScannedForEncodings = 0;
			knownRegions = (
				en,
				Base,
			);
			mainGroup = ACE8D7C928B2463800CF5EF0;
			productRefGroup = ACE8D7D328B2463800CF5EF0 /* Products */;
			projectDirPath = "";
			projectRoot = "";
			targets = (
				ACE8D7D128B2463800CF5EF0 /* test int */,
			);
		};
/* End PBXProject section */

/* Begin PBXResourcesBuildPhase section */
		ACE8D7D028B2463800CF5EF0 /* Resources */ = {
			isa = PBXResourcesBuildPhase;
			buildActionMask = 2147483647;
			files = (
				ACE8D7E228B2463A00CF5EF0 /* LaunchScreen.storyboard in Resources */,
				ACE8D7DF28B2463A00CF5EF0 /* Assets.xcassets in Resources */,
				ACE8D7DD28B2463800CF5EF0 /* Main.storyboard in Resources */,
				ACAF0D4028B253AA007DE548 /* HeaderView.xib in Resources */,
				ACAF0D4C28B26988007DE548 /* BlurView.xib in Resources */,
			);
			runOnlyForDeploymentPostprocessing = 0;
		};
/* End PBXResourcesBuildPhase section */

/* Begin PBXSourcesBuildPhase section */
		ACE8D7CE28B2463800CF5EF0 /* Sources */ = {
			isa = PBXSourcesBuildPhase;
			buildActionMask = 2147483647;
			files = (
				ACAF0D4428B25777007DE548 /* UIView.swift in Sources */,
				ACAF0D4A28B26702007DE548 /* BlurView.swift in Sources */,
				ACAF0D4628B257AB007DE548 /* TableView.swift in Sources */,
				ACE8D7DA28B2463800CF5EF0 /* ViewController.swift in Sources */,
				ACE8D7D628B2463800CF5EF0 /* AppDelegate.swift in Sources */,
				ACE8D7D828B2463800CF5EF0 /* SceneDelegate.swift in Sources */,
				ACAF0D4228B256A8007DE548 /* HeaderView.swift in Sources */,
			);
			runOnlyForDeploymentPostprocessing = 0;
		};
/* End PBXSourcesBuildPhase section */

/* Begin PBXVariantGroup section */
		ACE8D7DB28B2463800CF5EF0 /* Main.storyboard */ = {
			isa = PBXVariantGroup;
			children = (
				ACE8D7DC28B2463800CF5EF0 /* Base */,
			);
			name = Main.storyboard;
			sourceTree = "<group>";
		};
		ACE8D7E028B2463A00CF5EF0 /* LaunchScreen.storyboard */ = {
			isa = PBXVariantGroup;
			children = (
				ACE8D7E128B2463A00CF5EF0 /* Base */,
			);
			name = LaunchScreen.storyboard;
			sourceTree = "<group>";
		};
/* End PBXVariantGroup section */

/* Begin XCBuildConfiguration section */
		ACE8D7E428B2463A00CF5EF0 /* Debug */ = {
			isa = XCBuildConfiguration;
			buildSettings = {
				ALWAYS_SEARCH_USER_PATHS = NO;
				CLANG_ANALYZER_NONNULL = YES;
				CLANG_ANALYZER_NUMBER_OBJECT_CONVERSION = YES_AGGRESSIVE;
				CLANG_CXX_LANGUAGE_STANDARD = "gnu++17";
				CLANG_ENABLE_MODULES = YES;
				CLANG_ENABLE_OBJC_ARC = YES;
				CLANG_ENABLE_OBJC_WEAK = YES;
				CLANG_WARN_BLOCK_CAPTURE_AUTORELEASING = YES;
				CLANG_WARN_BOOL_CONVERSION = YES;
				CLANG_WARN_COMMA = YES;
				CLANG_WARN_CONSTANT_CONVERSION = YES;
				CLANG_WARN_DEPRECATED_OBJC_IMPLEMENTATIONS = YES;
				CLANG_WARN_DIRECT_OBJC_ISA_USAGE = YES_ERROR;
				CLANG_WARN_DOCUMENTATION_COMMENTS = YES;
				CLANG_WARN_EMPTY_BODY = YES;
				CLANG_WARN_ENUM_CONVERSION = YES;
				CLANG_WARN_INFINITE_RECURSION = YES;
				CLANG_WARN_INT_CONVERSION = YES;
				CLANG_WARN_NON_LITERAL_NULL_CONVERSION = YES;
				CLANG_WARN_OBJC_IMPLICIT_RETAIN_SELF = YES;
				CLANG_WARN_OBJC_LITERAL_CONVERSION = YES;
				CLANG_WARN_OBJC_ROOT_CLASS = YES_ERROR;
				CLANG_WARN_QUOTED_INCLUDE_IN_FRAMEWORK_HEADER = YES;
				CLANG_WARN_RANGE_LOOP_ANALYSIS = YES;
				CLANG_WARN_STRICT_PROTOTYPES = YES;
				CLANG_WARN_SUSPICIOUS_MOVE = YES;
				CLANG_WARN_UNGUARDED_AVAILABILITY = YES_AGGRESSIVE;
				CLANG_WARN_UNREACHABLE_CODE = YES;
				CLANG_WARN__DUPLICATE_METHOD_MATCH = YES;
				COPY_PHASE_STRIP = NO;
				DEBUG_INFORMATION_FORMAT = dwarf;
				ENABLE_STRICT_OBJC_MSGSEND = YES;
				ENABLE_TESTABILITY = YES;
				GCC_C_LANGUAGE_STANDARD = gnu11;
				GCC_DYNAMIC_NO_PIC = NO;
				GCC_NO_COMMON_BLOCKS = YES;
				GCC_OPTIMIZATION_LEVEL = 0;
				GCC_PREPROCESSOR_DEFINITIONS = (
					"DEBUG=1",
					"$(inherited)",
				);
				GCC_WARN_64_TO_32_BIT_CONVERSION = YES;
				GCC_WARN_ABOUT_RETURN_TYPE = YES_ERROR;
				GCC_WARN_UNDECLARED_SELECTOR = YES;
				GCC_WARN_UNINITIALIZED_AUTOS = YES_AGGRESSIVE;
				GCC_WARN_UNUSED_FUNCTION = YES;
				GCC_WARN_UNUSED_VARIABLE = YES;
				IPHONEOS_DEPLOYMENT_TARGET = 15.5;
				MTL_ENABLE_DEBUG_INFO = INCLUDE_SOURCE;
				MTL_FAST_MATH = YES;
				ONLY_ACTIVE_ARCH = YES;
				SDKROOT = iphoneos;
				SWIFT_ACTIVE_COMPILATION_CONDITIONS = DEBUG;
				SWIFT_OPTIMIZATION_LEVEL = "-Onone";
			};
			name = Debug;
		};
		ACE8D7E528B2463A00CF5EF0 /* Release */ = {
			isa = XCBuildConfiguration;
			buildSettings = {
				ALWAYS_SEARCH_USER_PATHS = NO;
				CLANG_ANALYZER_NONNULL = YES;
				CLANG_ANALYZER_NUMBER_OBJECT_CONVERSION = YES_AGGRESSIVE;
				CLANG_CXX_LANGUAGE_STANDARD = "gnu++17";
				CLANG_ENABLE_MODULES = YES;
				CLANG_ENABLE_OBJC_ARC = YES;
				CLANG_ENABLE_OBJC_WEAK = YES;
				CLANG_WARN_BLOCK_CAPTURE_AUTORELEASING = YES;
				CLANG_WARN_BOOL_CONVERSION = YES;
				CLANG_WARN_COMMA = YES;
				CLANG_WARN_CONSTANT_CONVERSION = YES;
				CLANG_WARN_DEPRECATED_OBJC_IMPLEMENTATIONS = YES;
				CLANG_WARN_DIRECT_OBJC_ISA_USAGE = YES_ERROR;
				CLANG_WARN_DOCUMENTATION_COMMENTS = YES;
				CLANG_WARN_EMPTY_BODY = YES;
				CLANG_WARN_ENUM_CONVERSION = YES;
				CLANG_WARN_INFINITE_RECURSION = YES;
				CLANG_WARN_INT_CONVERSION = YES;
				CLANG_WARN_NON_LITERAL_NULL_CONVERSION = YES;
				CLANG_WARN_OBJC_IMPLICIT_RETAIN_SELF = YES;
				CLANG_WARN_OBJC_LITERAL_CONVERSION = YES;
				CLANG_WARN_OBJC_ROOT_CLASS = YES_ERROR;
				CLANG_WARN_QUOTED_INCLUDE_IN_FRAMEWORK_HEADER = YES;
				CLANG_WARN_RANGE_LOOP_ANALYSIS = YES;
				CLANG_WARN_STRICT_PROTOTYPES = YES;
				CLANG_WARN_SUSPICIOUS_MOVE = YES;
				CLANG_WARN_UNGUARDED_AVAILABILITY = YES_AGGRESSIVE;
				CLANG_WARN_UNREACHABLE_CODE = YES;
				CLANG_WARN__DUPLICATE_METHOD_MATCH = YES;
				COPY_PHASE_STRIP = NO;
				DEBUG_INFORMATION_FORMAT = "dwarf-with-dsym";
				ENABLE_NS_ASSERTIONS = NO;
				ENABLE_STRICT_OBJC_MSGSEND = YES;
				GCC_C_LANGUAGE_STANDARD = gnu11;
				GCC_NO_COMMON_BLOCKS = YES;
				GCC_WARN_64_TO_32_BIT_CONVERSION = YES;
				GCC_WARN_ABOUT_RETURN_TYPE = YES_ERROR;
				GCC_WARN_UNDECLARED_SELECTOR = YES;
				GCC_WARN_UNINITIALIZED_AUTOS = YES_AGGRESSIVE;
				GCC_WARN_UNUSED_FUNCTION = YES;
				GCC_WARN_UNUSED_VARIABLE = YES;
				IPHONEOS_DEPLOYMENT_TARGET = 15.5;
				MTL_ENABLE_DEBUG_INFO = NO;
				MTL_FAST_MATH = YES;
				SDKROOT = iphoneos;
				SWIFT_COMPILATION_MODE = wholemodule;
				SWIFT_OPTIMIZATION_LEVEL = "-O";
				VALIDATE_PRODUCT = YES;
			};
			name = Release;
		};
		ACE8D7E728B2463A00CF5EF0 /* Debug */ = {
			isa = XCBuildConfiguration;
			buildSettings = {
				ASSETCATALOG_COMPILER_APPICON_NAME = AppIcon;
				ASSETCATALOG_COMPILER_GLOBAL_ACCENT_COLOR_NAME = AccentColor;
				CODE_SIGN_STYLE = Automatic;
				CURRENT_PROJECT_VERSION = 1;
				DEVELOPMENT_TEAM = L4U7S58J4L;
				GENERATE_INFOPLIST_FILE = YES;
				INFOPLIST_FILE = "test int/Support/Info.plist";
				INFOPLIST_KEY_UIApplicationSupportsIndirectInputEvents = YES;
				INFOPLIST_KEY_UILaunchStoryboardName = LaunchScreen;
				INFOPLIST_KEY_UIMainStoryboardFile = Main;
				INFOPLIST_KEY_UISupportedInterfaceOrientations_iPad = "UIInterfaceOrientationPortrait UIInterfaceOrientationPortraitUpsideDown UIInterfaceOrientationLandscapeLeft UIInterfaceOrientationLandscapeRight";
				INFOPLIST_KEY_UISupportedInterfaceOrientations_iPhone = "UIInterfaceOrientationPortrait UIInterfaceOrientationLandscapeLeft UIInterfaceOrientationLandscapeRight";
				LD_RUNPATH_SEARCH_PATHS = (
					"$(inherited)",
					"@executable_path/Frameworks",
				);
				MARKETING_VERSION = 1.0;
				PRODUCT_BUNDLE_IDENTIFIER = "konskii.test-int";
				PRODUCT_NAME = "$(TARGET_NAME)";
				SWIFT_EMIT_LOC_STRINGS = YES;
				SWIFT_VERSION = 5.0;
				TARGETED_DEVICE_FAMILY = "1,2";
			};
			name = Debug;
		};
		ACE8D7E828B2463A00CF5EF0 /* Release */ = {
			isa = XCBuildConfiguration;
			buildSettings = {
				ASSETCATALOG_COMPILER_APPICON_NAME = AppIcon;
				ASSETCATALOG_COMPILER_GLOBAL_ACCENT_COLOR_NAME = AccentColor;
				CODE_SIGN_STYLE = Automatic;
				CURRENT_PROJECT_VERSION = 1;
				DEVELOPMENT_TEAM = L4U7S58J4L;
				GENERATE_INFOPLIST_FILE = YES;
				INFOPLIST_FILE = "test int/Support/Info.plist";
				INFOPLIST_KEY_UIApplicationSupportsIndirectInputEvents = YES;
				INFOPLIST_KEY_UILaunchStoryboardName = LaunchScreen;
				INFOPLIST_KEY_UIMainStoryboardFile = Main;
				INFOPLIST_KEY_UISupportedInterfaceOrientations_iPad = "UIInterfaceOrientationPortrait UIInterfaceOrientationPortraitUpsideDown UIInterfaceOrientationLandscapeLeft UIInterfaceOrientationLandscapeRight";
				INFOPLIST_KEY_UISupportedInterfaceOrientations_iPhone = "UIInterfaceOrientationPortrait UIInterfaceOrientationLandscapeLeft UIInterfaceOrientationLandscapeRight";
				LD_RUNPATH_SEARCH_PATHS = (
					"$(inherited)",
					"@executable_path/Frameworks",
				);
				MARKETING_VERSION = 1.0;
				PRODUCT_BUNDLE_IDENTIFIER = "konskii.test-int";
				PRODUCT_NAME = "$(TARGET_NAME)";
				SWIFT_EMIT_LOC_STRINGS = YES;
				SWIFT_VERSION = 5.0;
				TARGETED_DEVICE_FAMILY = "1,2";
			};
			name = Release;
		};
/* End XCBuildConfiguration section */

/* Begin XCConfigurationList section */
		ACE8D7CD28B2463800CF5EF0 /* Build configuration list for PBXProject "test int" */ = {
			isa = XCConfigurationList;
			buildConfigurations = (
				ACE8D7E428B2463A00CF5EF0 /* Debug */,
				ACE8D7E528B2463A00CF5EF0 /* Release */,
			);
			defaultConfigurationIsVisible = 0;
			defaultConfigurationName = Release;
		};
		ACE8D7E628B2463A00CF5EF0 /* Build configuration list for PBXNativeTarget "test int" */ = {
			isa = XCConfigurationList;
			buildConfigurations = (
				ACE8D7E728B2463A00CF5EF0 /* Debug */,
				ACE8D7E828B2463A00CF5EF0 /* Release */,
			);
			defaultConfigurationIsVisible = 0;
			defaultConfigurationName = Release;
		};
/* End XCConfigurationList section */
	};
	rootObject = ACE8D7CA28B2463800CF5EF0 /* Project object */;
}
